
Microsoft Visual Studio Solution File, Format Version 12.00
# Visual Studio 15
VisualStudioVersion = 15.0.28010.2016
MinimumVisualStudioVersion = 10.0.40219.1
Project("{FAE04EC0-301F-11D3-BF4B-00C04F79EFBC}") = "FirstHandInBackend", "FirstHandInBackend\FirstHandInBackend.csproj", "{5909C3AB-F460-452A-A45F-41BC576C76DA}"
EndProject
Global
	GlobalSection(SolutionConfigurationPlatforms) = preSolution
		Debug|Any CPU = Debug|Any CPU
		Release|Any CPU = Release|Any CPU
	EndGlobalSection
	GlobalSection(ProjectConfigurationPlatforms) = postSolution
		{5909C3AB-F460-452A-A45F-41BC576C76DA}.Debug|Any CPU.ActiveCfg = Debug|Any CPU
		{5909C3AB-F460-452A-A45F-41BC576C76DA}.Debug|Any CPU.Build.0 = Debug|Any CPU
		{5909C3AB-F460-452A-A45F-41BC576C76DA}.Release|Any CPU.ActiveCfg = Release|Any CPU
		{5909C3AB-F460-452A-A45F-41BC576C76DA}.Release|Any CPU.Build.0 = Release|Any CPU
	EndGlobalSection
	GlobalSection(SolutionProperties) = preSolution
		HideSolutionNode = FALSE
	EndGlobalSection
	GlobalSection(ExtensibilityGlobals) = postSolution
		SolutionGuid = {6EF69B55-F4B8-41A5-9117-17C8D1EC85E8}
	EndGlobalSection
EndGlobal
